{
  "name": "dgridname",
  "version": "1.0.0",
  "lockfileVersion": 1,
  "requires": true,
  "dependencies": {
    "dgrid": {
      "version": "1.2.1",
      "resolved": "https://registry.npmjs.org/dgrid/-/dgrid-1.2.1.tgz",
      "integrity": "sha1-11V5kId3sczPmWCQyHs1dePHNyQ="
    },
    "dijit": {
      "version": "1.15.0",
      "resolved": "https://registry.npmjs.org/dijit/-/dijit-1.15.0.tgz",
      "integrity": "sha512-+sW53N5PfqI7X/iKFl2jPKIoc93nmkmg2bqHPNUZ+fqWsdjb042KJUw24MOK70BZFVcwru2Uw/kVEb/BZRmO/w==",
      "requires": {
        "dojo": "1.15.0"
      }
    },
    "dojo": {
      "version": "1.15.0",
      "resolved": "https://registry.npmjs.org/dojo/-/dojo-1.15.0.tgz",
      "integrity": "sha512-+1r5Nj1+iaHI8AxUadqsSp8wJMJM6sslr3INgWKhxUA0xHznBNY0htt38XLyheuy1G7oOwsh4X1An+Uzirj7Gw=="
    },
    "dojo-dstore": {
      "version": "1.1.2",
      "resolved": "https://registry.npmjs.org/dojo-dstore/-/dojo-dstore-1.1.2.tgz",
      "integrity": "sha1-zuNpmfP4B9HP/P32FX2w8rI3zeQ=",
      "requires": {
        "dojo": "^1.9.0"
      }
    },
    "dojox": {
      "version": "1.15.3",
      "resolved": "https://registry.npmjs.org/dojox/-/dojox-1.15.3.tgz",
      "integrity": "sha512-Mob2DkyD139qWpM8Tt76m6eYv/yy968Km8uWk4R3RP1PX7M1NOs2Bk/ko+DpAaZaSUopc5spTJzmeo4RhvPqpg==",
      "requires": {
        "dijit": "1.15.3",
        "dojo": "1.15.3"
      },
      "dependencies": {
        "dijit": {
          "version": "1.15.3",
          "resolved": "https://registry.npmjs.org/dijit/-/dijit-1.15.3.tgz",
          "integrity": "sha512-SPSjIAwiimo70s/YYAPdRdAaUWIardu0U+JT5hQZB5+ki5hZKiwF7iCJR5i0Z+vwF+rcV8XOFdQgWNZdZxqhdw==",
          "requires": {
            "dojo": "1.15.3"
          }
        },
        "dojo": {
          "version": "1.15.3",
          "resolved": "https://registry.npmjs.org/dojo/-/dojo-1.15.3.tgz",
          "integrity": "sha512-hesMrrg9dYnIJ5qPtU2gA7ZDk087+R0bet+g/bc2spF5P8WPEqQoa0rc2qRyu25HpWBzUI3TQM6SLN5fwvf6Kg=="
        }
      }
    }
  }
}
